
Microsoft Visual Studio Solution File, Format Version 12.00
# Visual Studio 15
Project("{FAE04EC0-301F-11D3-BF4B-00C04F79EFBC}") = "HelloDDynamicLayoutContextMenu", "HelloDDynamicLayoutContextMenu\HelloDDynamicLayoutContextMenu\HelloDDynamicLayoutContextMenu.csproj", "{7B4EEB29-6320-44BB-907F-2D16AB0AF8EA}"
EndProject
Project("{FAE04EC0-301F-11D3-BF4B-00C04F79EFBC}") = "HelloDDynamicLayoutContextMenu.Desktop", "HelloDDynamicLayoutContextMenu\HelloDDynamicLayoutContextMenu.Desktop\HelloDDynamicLayoutContextMenu.Desktop.csproj", "{34BA6795-02A5-4E4A-A2B5-F06B315533D8}"
EndProject
Global
	GlobalSection(SolutionConfigurationPlatforms) = preSolution
		Debug|Any CPU = Debug|Any CPU
		Release|Any CPU = Release|Any CPU
	EndGlobalSection
	GlobalSection(ProjectConfigurationPlatforms) = postSolution
		{7B4EEB29-6320-44BB-907F-2D16AB0AF8EA}.Debug|Any CPU.ActiveCfg = Debug|Any CPU
		{7B4EEB29-6320-44BB-907F-2D16AB0AF8EA}.Debug|Any CPU.Build.0 = Debug|Any CPU
		{7B4EEB29-6320-44BB-907F-2D16AB0AF8EA}.Release|Any CPU.ActiveCfg = Release|Any CPU
		{7B4EEB29-6320-44BB-907F-2D16AB0AF8EA}.Release|Any CPU.Build.0 = Release|Any CPU
		{34BA6795-02A5-4E4A-A2B5-F06B315533D8}.Debug|Any CPU.ActiveCfg = Debug|Any CPU
		{34BA6795-02A5-4E4A-A2B5-F06B315533D8}.Debug|Any CPU.Build.0 = Debug|Any CPU
		{34BA6795-02A5-4E4A-A2B5-F06B315533D8}.Release|Any CPU.ActiveCfg = Release|Any CPU
		{34BA6795-02A5-4E4A-A2B5-F06B315533D8}.Release|Any CPU.Build.0 = Release|Any CPU
	EndGlobalSection
EndGlobal
